// !$*UTF8*$!
{
	archiveVersion = 1;
	classes = {
	};
	objectVersion = 77;
	objects = {

/* Begin PBXContainerItemProxy section */
		3BDD3F722D2B0B3D00E9651B /* PBXContainerItemProxy */ = {
			isa = PBXContainerItemProxy;
			containerPortal = 3BDD3F592D2B0B3C00E9651B /* Project object */;
			proxyType = 1;
			remoteGlobalIDString = 3BDD3F602D2B0B3C00E9651B;
			remoteInfo = faceblurcamera;
		};
		3BDD3F7C2D2B0B3D00E9651B /* PBXContainerItemProxy */ = {
			isa = PBXContainerItemProxy;
			containerPortal = 3BDD3F592D2B0B3C00E9651B /* Project object */;
			proxyType = 1;
			remoteGlobalIDString = 3BDD3F602D2B0B3C00E9651B;
			remoteInfo = faceblurcamera;
		};
/* End PBXContainerItemProxy section */

/* Begin PBXFileReference section */
		3BDD3F612D2B0B3C00E9651B /* faceblurcamera.app */ = {isa = PBXFileReference; explicitFileType = wrapper.application; includeInIndex = 0; path = faceblurcamera.app; sourceTree = BUILT_PRODUCTS_DIR; };
		3BDD3F712D2B0B3D00E9651B /* faceblurcameraTests.xctest */ = {isa = PBXFileReference; explicitFileType = wrapper.cfbundle; includeInIndex = 0; path = faceblurcameraTests.xctest; sourceTree = BUILT_PRODUCTS_DIR; };
		3BDD3F7B2D2B0B3D00E9651B /* faceblurcameraUITests.xctest */ = {isa = PBXFileReference; explicitFileType = wrapper.cfbundle; includeInIndex = 0; path = faceblurcameraUITests.xctest; sourceTree = BUILT_PRODUCTS_DIR; };
/* End PBXFileReference section */

/* Begin PBXFileSystemSynchronizedRootGroup section */
		3BDD3F632D2B0B3C00E9651B /* faceblurcamera */ = {
			isa = PBXFileSystemSynchronizedRootGroup;
			path = faceblurcamera;
			sourceTree = "<group>";
		};
		3BDD3F742D2B0B3D00E9651B /* faceblurcameraTests */ = {
			isa = PBXFileSystemSynchronizedRootGroup;
			path = faceblurcameraTests;
			sourceTree = "<group>";
		};
		3BDD3F7E2D2B0B3D00E9651B /* faceblurcameraUITests */ = {
			isa = PBXFileSystemSynchronizedRootGroup;
			path = faceblurcameraUITests;
			sourceTree = "<group>";
		};
/* End PBXFileSystemSynchronizedRootGroup section */

/* Begin PBXFrameworksBuildPhase section */
		3BDD3F5E2D2B0B3C00E9651B /* Frameworks */ = {
			isa = PBXFrameworksBuildPhase;
			buildActionMask = 2147483647;
			files = (
			);
			runOnlyForDeploymentPostprocessing = 0;
		};
		3BDD3F6E2D2B0B3D00E9651B /* Frameworks */ = {
			isa = PBXFrameworksBuildPhase;
			buildActionMask = 2147483647;
			files = (
			);
			runOnlyForDeploymentPostprocessing = 0;
		};
		3BDD3F782D2B0B3D00E9651B /* Frameworks */ = {
			isa = PBXFrameworksBuildPhase;
			buildActionMask = 2147483647;
			files = (
			);
			runOnlyForDeploymentPostprocessing = 0;
		};
/* End PBXFrameworksBuildPhase section */

/* Begin PBXGroup section */
		3BDD3F582D2B0B3C00E9651B = {
			isa = PBXGroup;
			children = (
				3BDD3F632D2B0B3C00E9651B /* faceblurcamera */,
				3BDD3F742D2B0B3D00E9651B /* faceblurcameraTests */,
				3BDD3F7E2D2B0B3D00E9651B /* faceblurcameraUITests */,
				3BDD3F622D2B0B3C00E9651B /* Products */,
			);
			sourceTree = "<group>";
		};
		3BDD3F622D2B0B3C00E9651B /* Products */ = {
			isa = PBXGroup;
			children = (
				3BDD3F612D2B0B3C00E9651B /* faceblurcamera.app */,
				3BDD3F712D2B0B3D00E9651B /* faceblurcameraTests.xctest */,
				3BDD3F7B2D2B0B3D00E9651B /* faceblurcameraUITests.xctest */,
			);
			name = Products;
			sourceTree = "<group>";
		};
/* End PBXGroup section */

/* Begin PBXNativeTarget section */
		3BDD3F602D2B0B3C00E9651B /* faceblurcamera */ = {
			isa = PBXNativeTarget;
			buildConfigurationList = 3BDD3F852D2B0B3D00E9651B /* Build configuration list for PBXNativeTarget "faceblurcamera" */;
			buildPhases = (
				3BDD3F5D2D2B0B3C00E9651B /* Sources */,
				3BDD3F5E2D2B0B3C00E9651B /* Frameworks */,
				3BDD3F5F2D2B0B3C00E9651B /* Resources */,
			);
			buildRules = (
			);
			dependencies = (
			);
			fileSystemSynchronizedGroups = (
				3BDD3F632D2B0B3C00E9651B /* faceblurcamera */,
			);
			name = faceblurcamera;
			packageProductDependencies = (
			);
			productName = faceblurcamera;
			productReference = 3BDD3F612D2B0B3C00E9651B /* faceblurcamera.app */;
			productType = "com.apple.product-type.application";
		};
		3BDD3F702D2B0B3D00E9651B /* faceblurcameraTests */ = {
			isa = PBXNativeTarget;
			buildConfigurationList = 3BDD3F882D2B0B3D00E9651B /* Build configuration list for PBXNativeTarget "faceblurcameraTests" */;
			buildPhases = (
				3BDD3F6D2D2B0B3D00E9651B /* Sources */,
				3BDD3F6E2D2B0B3D00E9651B /* Frameworks */,
				3BDD3F6F2D2B0B3D00E9651B /* Resources */,
			);
			buildRules = (
			);
			dependencies = (
				3BDD3F732D2B0B3D00E9651B /* PBXTargetDependency */,
			);
			fileSystemSynchronizedGroups = (
				3BDD3F742D2B0B3D00E9651B /* faceblurcameraTests */,
			);
			name = faceblurcameraTests;
			packageProductDependencies = (
			);
			productName = faceblurcameraTests;
			productReference = 3BDD3F712D2B0B3D00E9651B /* faceblurcameraTests.xctest */;
			productType = "com.apple.product-type.bundle.unit-test";
		};
		3BDD3F7A2D2B0B3D00E9651B /* faceblurcameraUITests */ = {
			isa = PBXNativeTarget;
			buildConfigurationList = 3BDD3F8B2D2B0B3D00E9651B /* Build configuration list for PBXNativeTarget "faceblurcameraUITests" */;
			buildPhases = (
				3BDD3F772D2B0B3D00E9651B /* Sources */,
				3BDD3F782D2B0B3D00E9651B /* Frameworks */,
				3BDD3F792D2B0B3D00E9651B /* Resources */,
			);
			buildRules = (
			);
			dependencies = (
				3BDD3F7D2D2B0B3D00E9651B /* PBXTargetDependency */,
			);
			fileSystemSynchronizedGroups = (
				3BDD3F7E2D2B0B3D00E9651B /* faceblurcameraUITests */,
			);
			name = faceblurcameraUITests;
			packageProductDependencies = (
			);
			productName = faceblurcameraUITests;
			productReference = 3BDD3F7B2D2B0B3D00E9651B /* faceblurcameraUITests.xctest */;
			productType = "com.apple.product-type.bundle.ui-testing";
		};
/* End PBXNativeTarget section */

/* Begin PBXProject section */
		3BDD3F592D2B0B3C00E9651B /* Project object */ = {
			isa = PBXProject;
			attributes = {
				BuildIndependentTargetsInParallel = 1;
				LastSwiftUpdateCheck = 1620;
				LastUpgradeCheck = 1620;
				TargetAttributes = {
					3BDD3F602D2B0B3C00E9651B = {
						CreatedOnToolsVersion = 16.2;
					};
					3BDD3F702D2B0B3D00E9651B = {
						CreatedOnToolsVersion = 16.2;
						TestTargetID = 3BDD3F602D2B0B3C00E9651B;
					};
					3BDD3F7A2D2B0B3D00E9651B = {
						CreatedOnToolsVersion = 16.2;
						TestTargetID = 3BDD3F602D2B0B3C00E9651B;
					};
				};
			};
			buildConfigurationList = 3BDD3F5C2D2B0B3C00E9651B /* Build configuration list for PBXProject "faceblurcamera" */;
			developmentRegion = en;
			hasScannedForEncodings = 0;
			knownRegions = (
				en,
				Base,
			);
			mainGroup = 3BDD3F582D2B0B3C00E9651B;
			minimizedProjectReferenceProxies = 1;
			preferredProjectObjectVersion = 77;
			productRefGroup = 3BDD3F622D2B0B3C00E9651B /* Products */;
			projectDirPath = "";
			projectRoot = "";
			targets = (
				3BDD3F602D2B0B3C00E9651B /* faceblurcamera */,
				3BDD3F702D2B0B3D00E9651B /* faceblurcameraTests */,
				3BDD3F7A2D2B0B3D00E9651B /* faceblurcameraUITests */,
			);
		};
/* End PBXProject section */

/* Begin PBXResourcesBuildPhase section */
		3BDD3F5F2D2B0B3C00E9651B /* Resources */ = {
			isa = PBXResourcesBuildPhase;
			buildActionMask = 2147483647;
			files = (
			);
			runOnlyForDeploymentPostprocessing = 0;
		};
		3BDD3F6F2D2B0B3D00E9651B /* Resources */ = {
			isa = PBXResourcesBuildPhase;
			buildActionMask = 2147483647;
			files = (
			);
			runOnlyForDeploymentPostprocessing = 0;
		};
		3BDD3F792D2B0B3D00E9651B /* Resources */ = {
			isa = PBXResourcesBuildPhase;
			buildActionMask = 2147483647;
			files = (
			);
			runOnlyForDeploymentPostprocessing = 0;
		};
/* End PBXResourcesBuildPhase section */

/* Begin PBXSourcesBuildPhase section */
		3BDD3F5D2D2B0B3C00E9651B /* Sources */ = {
			isa = PBXSourcesBuildPhase;
			buildActionMask = 2147483647;
			files = (
				3BDD3F902D2B0B4D00E9651B /* ContentView.swift in Sources */,
				3BDD3F912D2B0B4D00E9651B /* CameraManager.swift in Sources */,
				3BDD3F922D2B0B4D00E9651B /* RTSPStreamer.swift in Sources */,
				3BDD3F932D2B0B4D00E9651B /* faceblurcameraApp.swift in Sources */,
			);
			runOnlyForDeploymentPostprocessing = 0;
		};
		3BDD3F6D2D2B0B3D00E9651B /* Sources */ = {
			isa = PBXSourcesBuildPhase;
			buildActionMask = 2147483647;
			files = (
			);
			runOnlyForDeploymentPostprocessing = 0;
		};
		3BDD3F772D2B0B3D00E9651B /* Sources */ = {
			isa = PBXSourcesBuildPhase;
			buildActionMask = 2147483647;
			files = (
			);
			runOnlyForDeploymentPostprocessing = 0;
		};
/* End PBXSourcesBuildPhase section */

/* Begin PBXTargetDependency section */
		3BDD3F732D2B0B3D00E9651B /* PBXTargetDependency */ = {
			isa = PBXTargetDependency;
			target = 3BDD3F602D2B0B3C00E9651B /* faceblurcamera */;
			targetProxy = 3BDD3F722D2B0B3D00E9651B /* PBXContainerItemProxy */;
		};
		3BDD3F7D2D2B0B3D00E9651B /* PBXTargetDependency */ = {
			isa = PBXTargetDependency;
			target = 3BDD3F602D2B0B3C00E9651B /* faceblurcamera */;
			targetProxy = 3BDD3F7C2D2B0B3D00E9651B /* PBXContainerItemProxy */;
		};
/* End PBXTargetDependency section */

/* Begin XCBuildConfiguration section */
		3BDD3F832D2B0B3D00E9651B /* Debug */ = {
			isa = XCBuildConfiguration;
			buildSettings = {
				ALWAYS_SEARCH_USER_PATHS = NO;
				ASSETCATALOG_COMPILER_GENERATE_SWIFT_ASSET_SYMBOL_EXTENSIONS = YES;
				CLANG_ANALYZER_NONNULL = YES;
				CLANG_ANALYZER_NUMBER_OBJECT_CONVERSION = YES_AGGRESSIVE;
				CLANG_CXX_LANGUAGE_STANDARD = "gnu++20";
				CLANG_ENABLE_MODULES = YES;
				CLANG_ENABLE_OBJC_ARC = YES;
				CLANG_ENABLE_OBJC_WEAK = YES;
				CLANG_WARN_BLOCK_CAPTURE_AUTORELEASING = YES;
				CLANG_WARN_BOOL_CONVERSION = YES;
				CLANG_WARN_COMMA = YES;
				CLANG_WARN_CONSTANT_CONVERSION = YES;
				CLANG_WARN_DEPRECATED_OBJC_IMPLEMENTATIONS = YES;
				CLANG_WARN_DIRECT_OBJC_ISA_USAGE = YES_ERROR;
				CLANG_WARN_DOCUMENTATION_COMMENTS = YES;
				CLANG_WARN_EMPTY_BODY = YES;
				CLANG_WARN_ENUM_CONVERSION = YES;
				CLANG_WARN_INFINITE_RECURSION = YES;
				CLANG_WARN_INT_CONVERSION = YES;
				CLANG_WARN_NON_LITERAL_NULL_CONVERSION = YES;
				CLANG_WARN_OBJC_IMPLICIT_RETAIN_SELF = YES;
				CLANG_WARN_OBJC_LITERAL_CONVERSION = YES;
				CLANG_WARN_OBJC_ROOT_CLASS = YES_ERROR;
				CLANG_WARN_QUOTED_INCLUDE_IN_FRAMEWORK_HEADER = YES;
				CLANG_WARN_RANGE_LOOP_ANALYSIS = YES;
				CLANG_WARN_STRICT_PROTOTYPES = YES;
				CLANG_WARN_SUSPICIOUS_MOVE = YES;
				CLANG_WARN_UNGUARDED_AVAILABILITY = YES_AGGRESSIVE;
				CLANG_WARN_UNREACHABLE_CODE = YES;
				CLANG_WARN__DUPLICATE_METHOD_MATCH = YES;
				COPY_PHASE_STRIP = NO;
				DEBUG_INFORMATION_FORMAT = dwarf;
				ENABLE_STRICT_OBJC_MSGSEND = YES;
				ENABLE_TESTABILITY = YES;
				ENABLE_USER_SCRIPT_SANDBOXING = YES;
				GCC_C_LANGUAGE_STANDARD = gnu17;
				GCC_DYNAMIC_NO_PIC = NO;
				GCC_NO_COMMON_BLOCKS = YES;
				GCC_OPTIMIZATION_LEVEL = 0;
				GCC_PREPROCESSOR_DEFINITIONS = (
					"DEBUG=1",
					"$(inherited)",
				);
				GCC_WARN_64_TO_32_BIT_CONVERSION = YES;
				GCC_WARN_ABOUT_RETURN_TYPE = YES_ERROR;
				GCC_WARN_UNDECLARED_SELECTOR = YES;
				GCC_WARN_UNINITIALIZED_AUTOS = YES_AGGRESSIVE;
				GCC_WARN_UNUSED_FUNCTION = YES;
				GCC_WARN_UNUSED_VARIABLE = YES;
				IPHONEOS_DEPLOYMENT_TARGET = 15.6;
				LOCALIZATION_PREFERS_STRING_CATALOGS = YES;
				MTL_ENABLE_DEBUG_INFO = INCLUDE_SOURCE;
				MTL_FAST_MATH = YES;
				ONLY_ACTIVE_ARCH = YES;
				SDKROOT = iphoneos;
				SWIFT_ACTIVE_COMPILATION_CONDITIONS = "DEBUG $(inherited)";
				SWIFT_OPTIMIZATION_LEVEL = "-Onone";
			};
			name = Debug;
		};
		3BDD3F842D2B0B3D00E9651B /* Release */ = {
			isa = XCBuildConfiguration;
			buildSettings = {
				ALWAYS_SEARCH_USER_PATHS = NO;
				ASSETCATALOG_COMPILER_GENERATE_SWIFT_ASSET_SYMBOL_EXTENSIONS = YES;
				CLANG_ANALYZER_NONNULL = YES;
				CLANG_ANALYZER_NUMBER_OBJECT_CONVERSION = YES_AGGRESSIVE;
				CLANG_CXX_LANGUAGE_STANDARD = "gnu++20";
				CLANG_ENABLE_MODULES = YES;
				CLANG_ENABLE_OBJC_ARC = YES;
				CLANG_ENABLE_OBJC_WEAK = YES;
				CLANG_WARN_BLOCK_CAPTURE_AUTORELEASING = YES;
				CLANG_WARN_BOOL_CONVERSION = YES;
				CLANG_WARN_COMMA = YES;
				CLANG_WARN_CONSTANT_CONVERSION = YES;
				CLANG_WARN_DEPRECATED_OBJC_IMPLEMENTATIONS = YES;
				CLANG_WARN_DIRECT_OBJC_ISA_USAGE = YES_ERROR;
				CLANG_WARN_DOCUMENTATION_COMMENTS = YES;
				CLANG_WARN_EMPTY_BODY = YES;
				CLANG_WARN_ENUM_CONVERSION = YES;
				CLANG_WARN_INFINITE_RECURSION = YES;
				CLANG_WARN_INT_CONVERSION = YES;
				CLANG_WARN_NON_LITERAL_NULL_CONVERSION = YES;
				CLANG_WARN_OBJC_IMPLICIT_RETAIN_SELF = YES;
				CLANG_WARN_OBJC_LITERAL_CONVERSION = YES;
				CLANG_WARN_OBJC_ROOT_CLASS = YES_ERROR;
				CLANG_WARN_QUOTED_INCLUDE_IN_FRAMEWORK_HEADER = YES;
				CLANG_WARN_RANGE_LOOP_ANALYSIS = YES;
				CLANG_WARN_STRICT_PROTOTYPES = YES;
				CLANG_WARN_SUSPICIOUS_MOVE = YES;
				CLANG_WARN_UNGUARDED_AVAILABILITY = YES_AGGRESSIVE;
				CLANG_WARN_UNREACHABLE_CODE = YES;
				CLANG_WARN__DUPLICATE_METHOD_MATCH = YES;
				COPY_PHASE_STRIP = NO;
				DEBUG_INFORMATION_FORMAT = "dwarf-with-dsym";
				ENABLE_NS_ASSERTIONS = NO;
				ENABLE_STRICT_OBJC_MSGSEND = YES;
				ENABLE_USER_SCRIPT_SANDBOXING = YES;
				GCC_C_LANGUAGE_STANDARD = gnu17;
				GCC_NO_COMMON_BLOCKS = YES;
				GCC_WARN_64_TO_32_BIT_CONVERSION = YES;
				GCC_WARN_ABOUT_RETURN_TYPE = YES_ERROR;
				GCC_WARN_UNDECLARED_SELECTOR = YES;
				GCC_WARN_UNINITIALIZED_AUTOS = YES_AGGRESSIVE;
				GCC_WARN_UNUSED_FUNCTION = YES;
				GCC_WARN_UNUSED_VARIABLE = YES;
				IPHONEOS_DEPLOYMENT_TARGET = 15.6;
				LOCALIZATION_PREFERS_STRING_CATALOGS = YES;
				MTL_ENABLE_DEBUG_INFO = NO;
				MTL_FAST_MATH = YES;
				SDKROOT = iphoneos;
				SWIFT_COMPILATION_MODE = wholemodule;
				VALIDATE_PRODUCT = YES;
			};
			name = Release;
		};
		3BDD3F862D2B0B3D00E9651B /* Debug */ = {
			isa = XCBuildConfiguration;
			buildSettings = {
				ASSETCATALOG_COMPILER_APPICON_NAME = AppIcon;
				ASSETCATALOG_COMPILER_GLOBAL_ACCENT_COLOR_NAME = AccentColor;
				CODE_SIGN_STYLE = Automatic;
				CURRENT_PROJECT_VERSION = 1;
				DEVELOPMENT_ASSET_PATHS = "\"faceblurcamera/Preview Content\"";
				DEVELOPMENT_TEAM = 8CZ8V3YSRU;
				ENABLE_PREVIEWS = YES;
				GENERATE_INFOPLIST_FILE = YES;
				INFOPLIST_KEY_UIApplicationSceneManifest_Generation = YES;
				INFOPLIST_KEY_UIApplicationSupportsIndirectInputEvents = YES;
				INFOPLIST_KEY_UILaunchScreen_Generation = YES;
				INFOPLIST_KEY_UISupportedInterfaceOrientations_iPad = "UIInterfaceOrientationPortrait UIInterfaceOrientationPortraitUpsideDown UIInterfaceOrientationLandscapeLeft UIInterfaceOrientationLandscapeRight";
				INFOPLIST_KEY_UISupportedInterfaceOrientations_iPhone = "UIInterfaceOrientationPortrait UIInterfaceOrientationLandscapeLeft UIInterfaceOrientationLandscapeRight";
				LD_RUNPATH_SEARCH_PATHS = (
					"$(inherited)",
					"@executable_path/Frameworks",
				);
				MARKETING_VERSION = 1.0;
				PRODUCT_BUNDLE_IDENTIFIER = com.faceblurcamera;
				PRODUCT_NAME = "$(TARGET_NAME)";
				SWIFT_EMIT_LOC_STRINGS = YES;
				SWIFT_VERSION = 5.0;
				TARGETED_DEVICE_FAMILY = "1,2";
			};
			name = Debug;
		};
		3BDD3F872D2B0B3D00E9651B /* Release */ = {
			isa = XCBuildConfiguration;
			buildSettings = {
				ASSETCATALOG_COMPILER_APPICON_NAME = AppIcon;
				ASSETCATALOG_COMPILER_GLOBAL_ACCENT_COLOR_NAME = AccentColor;
				CODE_SIGN_STYLE = Automatic;
				CURRENT_PROJECT_VERSION = 1;
				DEVELOPMENT_ASSET_PATHS = "\"faceblurcamera/Preview Content\"";
				DEVELOPMENT_TEAM = 8CZ8V3YSRU;
				ENABLE_PREVIEWS = YES;
				GENERATE_INFOPLIST_FILE = YES;
				INFOPLIST_KEY_UIApplicationSceneManifest_Generation = YES;
				INFOPLIST_KEY_UIApplicationSupportsIndirectInputEvents = YES;
				INFOPLIST_KEY_UILaunchScreen_Generation = YES;
				INFOPLIST_KEY_UISupportedInterfaceOrientations_iPad = "UIInterfaceOrientationPortrait UIInterfaceOrientationPortraitUpsideDown UIInterfaceOrientationLandscapeLeft UIInterfaceOrientationLandscapeRight";
				INFOPLIST_KEY_UISupportedInterfaceOrientations_iPhone = "UIInterfaceOrientationPortrait UIInterfaceOrientationLandscapeLeft UIInterfaceOrientationLandscapeRight";
				LD_RUNPATH_SEARCH_PATHS = (
					"$(inherited)",
					"@executable_path/Frameworks",
				);
				MARKETING_VERSION = 1.0;
				PRODUCT_BUNDLE_IDENTIFIER = com.faceblurcamera;
				PRODUCT_NAME = "$(TARGET_NAME)";
				SWIFT_EMIT_LOC_STRINGS = YES;
				SWIFT_VERSION = 5.0;
				TARGETED_DEVICE_FAMILY = "1,2";
			};
			name = Release;
		};
		3BDD3F892D2B0B3D00E9651B /* Debug */ = {
			isa = XCBuildConfiguration;
			buildSettings = {
				BUNDLE_LOADER = "$(TEST_HOST)";
				CODE_SIGN_STYLE = Automatic;
				CURRENT_PROJECT_VERSION = 1;
				DEVELOPMENT_TEAM = 8CZ8V3YSRU;
				GENERATE_INFOPLIST_FILE = YES;
				IPHONEOS_DEPLOYMENT_TARGET = 15.6;
				MARKETING_VERSION = 1.0;
				PRODUCT_BUNDLE_IDENTIFIER = com.faceblurcameraTests;
				PRODUCT_NAME = "$(TARGET_NAME)";
				SWIFT_EMIT_LOC_STRINGS = NO;
				SWIFT_VERSION = 5.0;
				TARGETED_DEVICE_FAMILY = "1,2";
				TEST_HOST = "$(BUILT_PRODUCTS_DIR)/faceblurcamera.app/$(BUNDLE_EXECUTABLE_FOLDER_PATH)/faceblurcamera";
			};
			name = Debug;
		};
		3BDD3F8A2D2B0B3D00E9651B /* Release */ = {
			isa = XCBuildConfiguration;
			buildSettings = {
				BUNDLE_LOADER = "$(TEST_HOST)";
				CODE_SIGN_STYLE = Automatic;
				CURRENT_PROJECT_VERSION = 1;
				DEVELOPMENT_TEAM = 8CZ8V3YSRU;
				GENERATE_INFOPLIST_FILE = YES;
				IPHONEOS_DEPLOYMENT_TARGET = 15.6;
				MARKETING_VERSION = 1.0;
				PRODUCT_BUNDLE_IDENTIFIER = com.faceblurcameraTests;
				PRODUCT_NAME = "$(TARGET_NAME)";
				SWIFT_EMIT_LOC_STRINGS = NO;
				SWIFT_VERSION = 5.0;
				TARGETED_DEVICE_FAMILY = "1,2";
				TEST_HOST = "$(BUILT_PRODUCTS_DIR)/faceblurcamera.app/$(BUNDLE_EXECUTABLE_FOLDER_PATH)/faceblurcamera";
			};
			name = Release;
		};
		3BDD3F8C2D2B0B3D00E9651B /* Debug */ = {
			isa = XCBuildConfiguration;
			buildSettings = {
				CODE_SIGN_STYLE = Automatic;
				CURRENT_PROJECT_VERSION = 1;
				DEVELOPMENT_TEAM = 8CZ8V3YSRU;
				GENERATE_INFOPLIST_FILE = YES;
				MARKETING_VERSION = 1.0;
				PRODUCT_BUNDLE_IDENTIFIER = com.faceblurcameraUITests;
				PRODUCT_NAME = "$(TARGET_NAME)";
				SWIFT_EMIT_LOC_STRINGS = NO;
				SWIFT_VERSION = 5.0;
				TARGETED_DEVICE_FAMILY = "1,2";
				TEST_TARGET_NAME = faceblurcamera;
			};
			name = Debug;
		};
		3BDD3F8D2D2B0B3D00E9651B /* Release */ = {
			isa = XCBuildConfiguration;
			buildSettings = {
				CODE_SIGN_STYLE = Automatic;
				CURRENT_PROJECT_VERSION = 1;
				DEVELOPMENT_TEAM = 8CZ8V3YSRU;
				GENERATE_INFOPLIST_FILE = YES;
				MARKETING_VERSION = 1.0;
				PRODUCT_BUNDLE_IDENTIFIER = com.faceblurcameraUITests;
				PRODUCT_NAME = "$(TARGET_NAME)";
				SWIFT_EMIT_LOC_STRINGS = NO;
				SWIFT_VERSION = 5.0;
				TARGETED_DEVICE_FAMILY = "1,2";
				TEST_TARGET_NAME = faceblurcamera;
			};
			name = Release;
		};
/* End XCBuildConfiguration section */

/* Begin XCConfigurationList section */
		3BDD3F5C2D2B0B3C00E9651B /* Build configuration list for PBXProject "faceblurcamera" */ = {
			isa = XCConfigurationList;
			buildConfigurations = (
				3BDD3F832D2B0B3D00E9651B /* Debug */,
				3BDD3F842D2B0B3D00E9651B /* Release */,
			);
			defaultConfigurationIsVisible = 0;
			defaultConfigurationName = Release;
		};
		3BDD3F852D2B0B3D00E9651B /* Build configuration list for PBXNativeTarget "faceblurcamera" */ = {
			isa = XCConfigurationList;
			buildConfigurations = (
				3BDD3F862D2B0B3D00E9651B /* Debug */,
				3BDD3F872D2B0B3D00E9651B /* Release */,
			);
			defaultConfigurationIsVisible = 0;
			defaultConfigurationName = Release;
		};
		3BDD3F882D2B0B3D00E9651B /* Build configuration list for PBXNativeTarget "faceblurcameraTests" */ = {
			isa = XCConfigurationList;
			buildConfigurations = (
				3BDD3F892D2B0B3D00E9651B /* Debug */,
				3BDD3F8A2D2B0B3D00E9651B /* Release */,
			);
			defaultConfigurationIsVisible = 0;
			defaultConfigurationName = Release;
		};
		3BDD3F8B2D2B0B3D00E9651B /* Build configuration list for PBXNativeTarget "faceblurcameraUITests" */ = {
			isa = XCConfigurationList;
			buildConfigurations = (
				3BDD3F8C2D2B0B3D00E9651B /* Debug */,
				3BDD3F8D2D2B0B3D00E9651B /* Release */,
			);
			defaultConfigurationIsVisible = 0;
			defaultConfigurationName = Release;
		};
/* End XCConfigurationList section */
	};
	rootObject = 3BDD3F592D2B0B3C00E9651B /* Project object */;
}
